// !$*UTF8*$!
{
	archiveVersion = 1;
	classes = {
	};
	objectVersion = 56;
	objects = {

/* Begin PBXBuildFile section */
		5518CBB72991218D008BBE29 /* ChildPromotionViewController.swift in Sources */ = {isa = PBXBuildFile; fileRef = 5518CBB62991218D008BBE29 /* ChildPromotionViewController.swift */; };
		5518CBB929912384008BBE29 /* ShopViewController.swift in Sources */ = {isa = PBXBuildFile; fileRef = 5518CBB829912384008BBE29 /* ShopViewController.swift */; };
		5518CBBE29914907008BBE29 /* PromotionContainerView.swift in Sources */ = {isa = PBXBuildFile; fileRef = 5518CBBD29914907008BBE29 /* PromotionContainerView.swift */; };
		55324493298577390004049F /* AppDelegate.swift in Sources */ = {isa = PBXBuildFile; fileRef = 55324492298577390004049F /* AppDelegate.swift */; };
		55324495298577390004049F /* SceneDelegate.swift in Sources */ = {isa = PBXBuildFile; fileRef = 55324494298577390004049F /* SceneDelegate.swift */; };
		5532449C2985773B0004049F /* Assets.xcassets in Resources */ = {isa = PBXBuildFile; fileRef = 5532449B2985773B0004049F /* Assets.xcassets */; };
		5532449F2985773B0004049F /* LaunchScreen.storyboard in Resources */ = {isa = PBXBuildFile; fileRef = 5532449D2985773B0004049F /* LaunchScreen.storyboard */; };
		553244A729857D650004049F /* WeaponViewController.swift in Sources */ = {isa = PBXBuildFile; fileRef = 553244A629857D650004049F /* WeaponViewController.swift */; };
		553244A929857D790004049F /* GameViewController.swift in Sources */ = {isa = PBXBuildFile; fileRef = 553244A829857D790004049F /* GameViewController.swift */; };
		553244AE2985803B0004049F /* WeaponNavigationBarView.swift in Sources */ = {isa = PBXBuildFile; fileRef = 553244AD2985803B0004049F /* WeaponNavigationBarView.swift */; };
		553244B329858D200004049F /* GoldCurrencyView.swift in Sources */ = {isa = PBXBuildFile; fileRef = 553244B229858D200004049F /* GoldCurrencyView.swift */; };
		553244B529868C150004049F /* InventoryContainerView.swift in Sources */ = {isa = PBXBuildFile; fileRef = 553244B429868C150004049F /* InventoryContainerView.swift */; };
		553244B72986A0950004049F /* InventoryCollectionViewCell.swift in Sources */ = {isa = PBXBuildFile; fileRef = 553244B62986A0950004049F /* InventoryCollectionViewCell.swift */; };
		5536C4CF2989D9A0000E5C56 /* InventoryViewController.swift in Sources */ = {isa = PBXBuildFile; fileRef = 5536C4CE2989D9A0000E5C56 /* InventoryViewController.swift */; };
		5536C4D12989D9A8000E5C56 /* ChildShopViewController.swift in Sources */ = {isa = PBXBuildFile; fileRef = 5536C4D02989D9A8000E5C56 /* ChildShopViewController.swift */; };
		5536C4D32989D9B1000E5C56 /* MarketViewController.swift in Sources */ = {isa = PBXBuildFile; fileRef = 5536C4D22989D9B1000E5C56 /* MarketViewController.swift */; };
		5536C4D8298C1184000E5C56 /* ShopContainerView.swift in Sources */ = {isa = PBXBuildFile; fileRef = 5536C4D7298C1184000E5C56 /* ShopContainerView.swift */; };
		5536C4DC298D37C6000E5C56 /* ShopCollectionViewCell.swift in Sources */ = {isa = PBXBuildFile; fileRef = 5536C4DB298D37C6000E5C56 /* ShopCollectionViewCell.swift */; };
		5536C4E6298D3AB0000E5C56 /* Oswald-ExtraLight.ttf in Resources */ = {isa = PBXBuildFile; fileRef = 5536C4E0298D3AAF000E5C56 /* Oswald-ExtraLight.ttf */; };
		5536C4E7298D3AB0000E5C56 /* Oswald-Bold.ttf in Resources */ = {isa = PBXBuildFile; fileRef = 5536C4E1298D3AAF000E5C56 /* Oswald-Bold.ttf */; };
		5536C4E8298D3AB0000E5C56 /* Oswald-Medium.ttf in Resources */ = {isa = PBXBuildFile; fileRef = 5536C4E2298D3AAF000E5C56 /* Oswald-Medium.ttf */; };
		5536C4E9298D3AB0000E5C56 /* Oswald-Regular.ttf in Resources */ = {isa = PBXBuildFile; fileRef = 5536C4E3298D3AAF000E5C56 /* Oswald-Regular.ttf */; };
		5536C4EA298D3AB0000E5C56 /* Oswald-SemiBold.ttf in Resources */ = {isa = PBXBuildFile; fileRef = 5536C4E4298D3AB0000E5C56 /* Oswald-SemiBold.ttf */; };
		5536C4EB298D3AB0000E5C56 /* Oswald-Light.ttf in Resources */ = {isa = PBXBuildFile; fileRef = 5536C4E5298D3AB0000E5C56 /* Oswald-Light.ttf */; };
		5536C4ED298D3BF6000E5C56 /* UIFont + Ext.swift in Sources */ = {isa = PBXBuildFile; fileRef = 5536C4EC298D3BF6000E5C56 /* UIFont + Ext.swift */; };
		5536C4EF298DDC00000E5C56 /* ShopNavBarView.swift in Sources */ = {isa = PBXBuildFile; fileRef = 5536C4EE298DDC00000E5C56 /* ShopNavBarView.swift */; };
		E25690082989C9BE00560E01 /* ContainerViewController.swift in Sources */ = {isa = PBXBuildFile; fileRef = E25690072989C9BE00560E01 /* ContainerViewController.swift */; };
		E25E79EF29915E3B00FF2C04 /* BaseViewController.swift in Sources */ = {isa = PBXBuildFile; fileRef = E25E79EE29915E3B00FF2C04 /* BaseViewController.swift */; };
		E25E79F1299176E300FF2C04 /* ProfileProgressView.swift in Sources */ = {isa = PBXBuildFile; fileRef = E25E79F0299176E300FF2C04 /* ProfileProgressView.swift */; };
		E25E79F3299176F900FF2C04 /* ProgressView.swift in Sources */ = {isa = PBXBuildFile; fileRef = E25E79F2299176F900FF2C04 /* ProgressView.swift */; };
		E25E79F82991773800FF2C04 /* ProfileView.swift in Sources */ = {isa = PBXBuildFile; fileRef = E25E79F72991773800FF2C04 /* ProfileView.swift */; };
		E25E79FB2991775E00FF2C04 /* CALayer+Gradient.swift in Sources */ = {isa = PBXBuildFile; fileRef = E25E79FA2991775E00FF2C04 /* CALayer+Gradient.swift */; };
		E25E79FD2991778500FF2C04 /* UIColor+AppColors.swift in Sources */ = {isa = PBXBuildFile; fileRef = E25E79FC2991778500FF2C04 /* UIColor+AppColors.swift */; };
		E2AFCDED298FC3A000071AD7 /* GroupedStackView.swift in Sources */ = {isa = PBXBuildFile; fileRef = E2AFCDEC298FC3A000071AD7 /* GroupedStackView.swift */; };
		E2AFCDF02990423C00071AD7 /* ShopGroupItemView.swift in Sources */ = {isa = PBXBuildFile; fileRef = E2AFCDEF2990423B00071AD7 /* ShopGroupItemView.swift */; };
		E2E5C3C829857D9D008A2221 /* SideTabBarController.swift in Sources */ = {isa = PBXBuildFile; fileRef = E2E5C3C729857D9D008A2221 /* SideTabBarController.swift */; };
		E2E5C3CA298590AB008A2221 /* SideTabBarItem.swift in Sources */ = {isa = PBXBuildFile; fileRef = E2E5C3C9298590AB008A2221 /* SideTabBarItem.swift */; };
		E2E5C3CC298590CA008A2221 /* SideTabBar.swift in Sources */ = {isa = PBXBuildFile; fileRef = E2E5C3CB298590CA008A2221 /* SideTabBar.swift */; };
		E2E5C3CF298592DC008A2221 /* ProfileViewController.swift in Sources */ = {isa = PBXBuildFile; fileRef = E2E5C3CE298592DC008A2221 /* ProfileViewController.swift */; };
		E2E5C3D12986A510008A2221 /* ProfileRankCollectionCell.swift in Sources */ = {isa = PBXBuildFile; fileRef = E2E5C3D02986A510008A2221 /* ProfileRankCollectionCell.swift */; };
		E2E5C3D32986A59E008A2221 /* ProfileRankMapper.swift in Sources */ = {isa = PBXBuildFile; fileRef = E2E5C3D22986A59E008A2221 /* ProfileRankMapper.swift */; };
		E2E5C3D62986B035008A2221 /* TasksViewController.swift in Sources */ = {isa = PBXBuildFile; fileRef = E2E5C3D52986B035008A2221 /* TasksViewController.swift */; };
/* End PBXBuildFile section */

/* Begin PBXFileReference section */
		5518CBB62991218D008BBE29 /* ChildPromotionViewController.swift */ = {isa = PBXFileReference; lastKnownFileType = sourcecode.swift; path = ChildPromotionViewController.swift; sourceTree = "<group>"; };
		5518CBB829912384008BBE29 /* ShopViewController.swift */ = {isa = PBXFileReference; lastKnownFileType = sourcecode.swift; path = ShopViewController.swift; sourceTree = "<group>"; };
		5518CBBD29914907008BBE29 /* PromotionContainerView.swift */ = {isa = PBXFileReference; lastKnownFileType = sourcecode.swift; path = PromotionContainerView.swift; sourceTree = "<group>"; };
		5532448F298577390004049F /* Standoff-Case.app */ = {isa = PBXFileReference; explicitFileType = wrapper.application; includeInIndex = 0; path = "Standoff-Case.app"; sourceTree = BUILT_PRODUCTS_DIR; };
		55324492298577390004049F /* AppDelegate.swift */ = {isa = PBXFileReference; lastKnownFileType = sourcecode.swift; path = AppDelegate.swift; sourceTree = "<group>"; };
		55324494298577390004049F /* SceneDelegate.swift */ = {isa = PBXFileReference; lastKnownFileType = sourcecode.swift; path = SceneDelegate.swift; sourceTree = "<group>"; };
		5532449B2985773B0004049F /* Assets.xcassets */ = {isa = PBXFileReference; lastKnownFileType = folder.assetcatalog; path = Assets.xcassets; sourceTree = "<group>"; };
		5532449E2985773B0004049F /* Base */ = {isa = PBXFileReference; lastKnownFileType = file.storyboard; name = Base; path = Base.lproj/LaunchScreen.storyboard; sourceTree = "<group>"; };
		553244A02985773B0004049F /* Info.plist */ = {isa = PBXFileReference; lastKnownFileType = text.plist.xml; path = Info.plist; sourceTree = "<group>"; };
		553244A629857D650004049F /* WeaponViewController.swift */ = {isa = PBXFileReference; lastKnownFileType = sourcecode.swift; path = WeaponViewController.swift; sourceTree = "<group>"; };
		553244A829857D790004049F /* GameViewController.swift */ = {isa = PBXFileReference; lastKnownFileType = sourcecode.swift; path = GameViewController.swift; sourceTree = "<group>"; };
		553244AD2985803B0004049F /* WeaponNavigationBarView.swift */ = {isa = PBXFileReference; lastKnownFileType = sourcecode.swift; path = WeaponNavigationBarView.swift; sourceTree = "<group>"; };
		553244B229858D200004049F /* GoldCurrencyView.swift */ = {isa = PBXFileReference; lastKnownFileType = sourcecode.swift; path = GoldCurrencyView.swift; sourceTree = "<group>"; };
		553244B429868C150004049F /* InventoryContainerView.swift */ = {isa = PBXFileReference; lastKnownFileType = sourcecode.swift; path = InventoryContainerView.swift; sourceTree = "<group>"; };
		553244B62986A0950004049F /* InventoryCollectionViewCell.swift */ = {isa = PBXFileReference; lastKnownFileType = sourcecode.swift; path = InventoryCollectionViewCell.swift; sourceTree = "<group>"; };
		5536C4CE2989D9A0000E5C56 /* InventoryViewController.swift */ = {isa = PBXFileReference; lastKnownFileType = sourcecode.swift; path = InventoryViewController.swift; sourceTree = "<group>"; };
		5536C4D02989D9A8000E5C56 /* ChildShopViewController.swift */ = {isa = PBXFileReference; lastKnownFileType = sourcecode.swift; path = ChildShopViewController.swift; sourceTree = "<group>"; };
		5536C4D22989D9B1000E5C56 /* MarketViewController.swift */ = {isa = PBXFileReference; lastKnownFileType = sourcecode.swift; path = MarketViewController.swift; sourceTree = "<group>"; };
		5536C4D7298C1184000E5C56 /* ShopContainerView.swift */ = {isa = PBXFileReference; lastKnownFileType = sourcecode.swift; path = ShopContainerView.swift; sourceTree = "<group>"; };
		5536C4DB298D37C6000E5C56 /* ShopCollectionViewCell.swift */ = {isa = PBXFileReference; lastKnownFileType = sourcecode.swift; path = ShopCollectionViewCell.swift; sourceTree = "<group>"; };
		5536C4E0298D3AAF000E5C56 /* Oswald-ExtraLight.ttf */ = {isa = PBXFileReference; lastKnownFileType = file; path = "Oswald-ExtraLight.ttf"; sourceTree = "<group>"; };
		5536C4E1298D3AAF000E5C56 /* Oswald-Bold.ttf */ = {isa = PBXFileReference; lastKnownFileType = file; path = "Oswald-Bold.ttf"; sourceTree = "<group>"; };
		5536C4E2298D3AAF000E5C56 /* Oswald-Medium.ttf */ = {isa = PBXFileReference; lastKnownFileType = file; path = "Oswald-Medium.ttf"; sourceTree = "<group>"; };
		5536C4E3298D3AAF000E5C56 /* Oswald-Regular.ttf */ = {isa = PBXFileReference; lastKnownFileType = file; path = "Oswald-Regular.ttf"; sourceTree = "<group>"; };
		5536C4E4298D3AB0000E5C56 /* Oswald-SemiBold.ttf */ = {isa = PBXFileReference; lastKnownFileType = file; path = "Oswald-SemiBold.ttf"; sourceTree = "<group>"; };
		5536C4E5298D3AB0000E5C56 /* Oswald-Light.ttf */ = {isa = PBXFileReference; lastKnownFileType = file; path = "Oswald-Light.ttf"; sourceTree = "<group>"; };
		5536C4EC298D3BF6000E5C56 /* UIFont + Ext.swift */ = {isa = PBXFileReference; lastKnownFileType = sourcecode.swift; path = "UIFont + Ext.swift"; sourceTree = "<group>"; };
		5536C4EE298DDC00000E5C56 /* ShopNavBarView.swift */ = {isa = PBXFileReference; lastKnownFileType = sourcecode.swift; path = ShopNavBarView.swift; sourceTree = "<group>"; };
		E25690072989C9BE00560E01 /* ContainerViewController.swift */ = {isa = PBXFileReference; lastKnownFileType = sourcecode.swift; path = ContainerViewController.swift; sourceTree = "<group>"; };
		E25E79EE29915E3B00FF2C04 /* BaseViewController.swift */ = {isa = PBXFileReference; lastKnownFileType = sourcecode.swift; path = BaseViewController.swift; sourceTree = "<group>"; };
		E25E79F0299176E300FF2C04 /* ProfileProgressView.swift */ = {isa = PBXFileReference; lastKnownFileType = sourcecode.swift; path = ProfileProgressView.swift; sourceTree = "<group>"; };
		E25E79F2299176F900FF2C04 /* ProgressView.swift */ = {isa = PBXFileReference; lastKnownFileType = sourcecode.swift; path = ProgressView.swift; sourceTree = "<group>"; };
		E25E79F72991773800FF2C04 /* ProfileView.swift */ = {isa = PBXFileReference; lastKnownFileType = sourcecode.swift; path = ProfileView.swift; sourceTree = "<group>"; };
		E25E79FA2991775E00FF2C04 /* CALayer+Gradient.swift */ = {isa = PBXFileReference; lastKnownFileType = sourcecode.swift; path = "CALayer+Gradient.swift"; sourceTree = "<group>"; };
		E25E79FC2991778500FF2C04 /* UIColor+AppColors.swift */ = {isa = PBXFileReference; lastKnownFileType = sourcecode.swift; path = "UIColor+AppColors.swift"; sourceTree = "<group>"; };
		E2AFCDEC298FC3A000071AD7 /* GroupedStackView.swift */ = {isa = PBXFileReference; lastKnownFileType = sourcecode.swift; path = GroupedStackView.swift; sourceTree = "<group>"; };
		E2AFCDEF2990423B00071AD7 /* ShopGroupItemView.swift */ = {isa = PBXFileReference; lastKnownFileType = sourcecode.swift; path = ShopGroupItemView.swift; sourceTree = "<group>"; };
		E2E5C3C729857D9D008A2221 /* SideTabBarController.swift */ = {isa = PBXFileReference; lastKnownFileType = sourcecode.swift; path = SideTabBarController.swift; sourceTree = "<group>"; };
		E2E5C3C9298590AB008A2221 /* SideTabBarItem.swift */ = {isa = PBXFileReference; lastKnownFileType = sourcecode.swift; path = SideTabBarItem.swift; sourceTree = "<group>"; };
		E2E5C3CB298590CA008A2221 /* SideTabBar.swift */ = {isa = PBXFileReference; lastKnownFileType = sourcecode.swift; path = SideTabBar.swift; sourceTree = "<group>"; };
		E2E5C3CE298592DC008A2221 /* ProfileViewController.swift */ = {isa = PBXFileReference; lastKnownFileType = sourcecode.swift; path = ProfileViewController.swift; sourceTree = "<group>"; };
		E2E5C3D02986A510008A2221 /* ProfileRankCollectionCell.swift */ = {isa = PBXFileReference; lastKnownFileType = sourcecode.swift; path = ProfileRankCollectionCell.swift; sourceTree = "<group>"; };
		E2E5C3D22986A59E008A2221 /* ProfileRankMapper.swift */ = {isa = PBXFileReference; lastKnownFileType = sourcecode.swift; path = ProfileRankMapper.swift; sourceTree = "<group>"; };
		E2E5C3D52986B035008A2221 /* TasksViewController.swift */ = {isa = PBXFileReference; lastKnownFileType = sourcecode.swift; path = TasksViewController.swift; sourceTree = "<group>"; };
/* End PBXFileReference section */

/* Begin PBXFrameworksBuildPhase section */
		5532448C298577390004049F /* Frameworks */ = {
			isa = PBXFrameworksBuildPhase;
			buildActionMask = 2147483647;
			files = (
			);
			runOnlyForDeploymentPostprocessing = 0;
		};
/* End PBXFrameworksBuildPhase section */

/* Begin PBXGroup section */
		5518CBB529912170008BBE29 /* Shop */ = {
			isa = PBXGroup;
			children = (
				5518CBB829912384008BBE29 /* ShopViewController.swift */,
				5536C4D02989D9A8000E5C56 /* ChildShopViewController.swift */,
				5518CBB62991218D008BBE29 /* ChildPromotionViewController.swift */,
			);
			path = Shop;
			sourceTree = "<group>";
		};
		5518CBBA299147CB008BBE29 /* Inventory */ = {
			isa = PBXGroup;
			children = (
				5536C4CE2989D9A0000E5C56 /* InventoryViewController.swift */,
			);
			path = Inventory;
			sourceTree = "<group>";
		};
		5518CBBB299147E1008BBE29 /* Market */ = {
			isa = PBXGroup;
			children = (
				5536C4D22989D9B1000E5C56 /* MarketViewController.swift */,
			);
			path = Market;
			sourceTree = "<group>";
		};
		5518CBBC29914805008BBE29 /* Market */ = {
			isa = PBXGroup;
			children = (
			);
			path = Market;
			sourceTree = "<group>";
		};
		55324486298577390004049F = {
			isa = PBXGroup;
			children = (
				55324491298577390004049F /* Standoff-Case */,
				55324490298577390004049F /* Products */,
			);
			sourceTree = "<group>";
		};
		55324490298577390004049F /* Products */ = {
			isa = PBXGroup;
			children = (
				5532448F298577390004049F /* Standoff-Case.app */,
			);
			name = Products;
			sourceTree = "<group>";
		};
		55324491298577390004049F /* Standoff-Case */ = {
			isa = PBXGroup;
			children = (
				5536C4DF298D3AA4000E5C56 /* Fonts */,
				E2E5C3D42986B018008A2221 /* Tasks */,
				553244B129858A0D0004049F /* Views */,
				553244AC29857D8C0004049F /* Controllers */,
				55324492298577390004049F /* AppDelegate.swift */,
				E2E5C3CD2985922D008A2221 /* Profile */,
				E2E5C3C629857D72008A2221 /* SideTabBar */,
				55324494298577390004049F /* SceneDelegate.swift */,
				5532449B2985773B0004049F /* Assets.xcassets */,
				5532449D2985773B0004049F /* LaunchScreen.storyboard */,
				553244A02985773B0004049F /* Info.plist */,
				5536C4EC298D3BF6000E5C56 /* UIFont + Ext.swift */,
				E2AFCDEE298FC3AC00071AD7 /* CustomViews */,
			);
			path = "Standoff-Case";
			sourceTree = "<group>";
		};
		553244AC29857D8C0004049F /* Controllers */ = {
			isa = PBXGroup;
			children = (
				5536C4CD2989D983000E5C56 /* Weapon Controllers */,
				553244A829857D790004049F /* GameViewController.swift */,
			);
			path = Controllers;
			sourceTree = "<group>";
		};
		553244B129858A0D0004049F /* Views */ = {
			isa = PBXGroup;
			children = (
				5536C4D4298C104E000E5C56 /* Weapon Views */,
			);
			path = Views;
			sourceTree = "<group>";
		};
		5536C4CD2989D983000E5C56 /* Weapon Controllers */ = {
			isa = PBXGroup;
			children = (
				553244A629857D650004049F /* WeaponViewController.swift */,
				5518CBBA299147CB008BBE29 /* Inventory */,
				5518CBB529912170008BBE29 /* Shop */,
				5518CBBB299147E1008BBE29 /* Market */,
			);
			path = "Weapon Controllers";
			sourceTree = "<group>";
		};
		5536C4D4298C104E000E5C56 /* Weapon Views */ = {
			isa = PBXGroup;
			children = (
				5518CBBC29914805008BBE29 /* Market */,
				553244AD2985803B0004049F /* WeaponNavigationBarView.swift */,
				553244B229858D200004049F /* GoldCurrencyView.swift */,
				5536C4D6298C10E1000E5C56 /* Shop */,
				5536C4D5298C1097000E5C56 /* Inventory */,
			);
			path = "Weapon Views";
			sourceTree = "<group>";
		};
		5536C4D5298C1097000E5C56 /* Inventory */ = {
			isa = PBXGroup;
			children = (
				553244B429868C150004049F /* InventoryContainerView.swift */,
				553244B62986A0950004049F /* InventoryCollectionViewCell.swift */,
			);
			path = Inventory;
			sourceTree = "<group>";
		};
		5536C4D6298C10E1000E5C56 /* Shop */ = {
			isa = PBXGroup;
			children = (
				5536C4D7298C1184000E5C56 /* ShopContainerView.swift */,
				E2AFCDEF2990423B00071AD7 /* ShopGroupItemView.swift */,
				5536C4DB298D37C6000E5C56 /* ShopCollectionViewCell.swift */,
				5536C4EE298DDC00000E5C56 /* ShopNavBarView.swift */,
				5518CBBD29914907008BBE29 /* PromotionContainerView.swift */,
			);
			path = Shop;
			sourceTree = "<group>";
		};
		5536C4DF298D3AA4000E5C56 /* Fonts */ = {
			isa = PBXGroup;
			children = (
				5536C4E1298D3AAF000E5C56 /* Oswald-Bold.ttf */,
				5536C4E0298D3AAF000E5C56 /* Oswald-ExtraLight.ttf */,
				5536C4E5298D3AB0000E5C56 /* Oswald-Light.ttf */,
				5536C4E2298D3AAF000E5C56 /* Oswald-Medium.ttf */,
				5536C4E3298D3AAF000E5C56 /* Oswald-Regular.ttf */,
				5536C4E4298D3AB0000E5C56 /* Oswald-SemiBold.ttf */,
			);
			path = Fonts;
			sourceTree = "<group>";
		};
		E25E79F42991770D00FF2C04 /* ProgressView */ = {
			isa = PBXGroup;
			children = (
				E25E79F2299176F900FF2C04 /* ProgressView.swift */,
				E25E79F0299176E300FF2C04 /* ProfileProgressView.swift */,
			);
			path = ProgressView;
			sourceTree = "<group>";
		};
		E25E79F52991771B00FF2C04 /* Mapper */ = {
			isa = PBXGroup;
			children = (
				E2E5C3D22986A59E008A2221 /* ProfileRankMapper.swift */,
			);
			path = Mapper;
			sourceTree = "<group>";
		};
		E25E79F62991772F00FF2C04 /* ProfileView */ = {
			isa = PBXGroup;
			children = (
				E25E79F72991773800FF2C04 /* ProfileView.swift */,
			);
			path = ProfileView;
			sourceTree = "<group>";
		};
		E25E79F92991775200FF2C04 /* Utils */ = {
			isa = PBXGroup;
			children = (
				E25E79FA2991775E00FF2C04 /* CALayer+Gradient.swift */,
				E25E79FC2991778500FF2C04 /* UIColor+AppColors.swift */,
			);
			path = Utils;
			sourceTree = "<group>";
		};
		E2AFCDEE298FC3AC00071AD7 /* CustomViews */ = {
			isa = PBXGroup;
			children = (
				E2AFCDEC298FC3A000071AD7 /* GroupedStackView.swift */,
			);
			path = CustomViews;
			sourceTree = "<group>";
		};
		E2E5C3C629857D72008A2221 /* SideTabBar */ = {
			isa = PBXGroup;
			children = (
				E25690072989C9BE00560E01 /* ContainerViewController.swift */,
				E2E5C3C729857D9D008A2221 /* SideTabBarController.swift */,
				E2E5C3C9298590AB008A2221 /* SideTabBarItem.swift */,
				E2E5C3CB298590CA008A2221 /* SideTabBar.swift */,
			);
			path = SideTabBar;
			sourceTree = "<group>";
		};
		E2E5C3CD2985922D008A2221 /* Profile */ = {
			isa = PBXGroup;
			children = (
				E25E79EE29915E3B00FF2C04 /* BaseViewController.swift */,
				E2E5C3CE298592DC008A2221 /* ProfileViewController.swift */,
				E2E5C3D02986A510008A2221 /* ProfileRankCollectionCell.swift */,
				E25E79F92991775200FF2C04 /* Utils */,
				E25E79F62991772F00FF2C04 /* ProfileView */,
				E25E79F42991770D00FF2C04 /* ProgressView */,
				E25E79F52991771B00FF2C04 /* Mapper */,
			);
			path = Profile;
			sourceTree = "<group>";
		};
		E2E5C3D42986B018008A2221 /* Tasks */ = {
			isa = PBXGroup;
			children = (
				E2E5C3D52986B035008A2221 /* TasksViewController.swift */,
			);
			path = Tasks;
			sourceTree = "<group>";
		};
/* End PBXGroup section */

/* Begin PBXNativeTarget section */
		5532448E298577390004049F /* Standoff-Case */ = {
			isa = PBXNativeTarget;
			buildConfigurationList = 553244A32985773B0004049F /* Build configuration list for PBXNativeTarget "Standoff-Case" */;
			buildPhases = (
				5532448B298577390004049F /* Sources */,
				5532448C298577390004049F /* Frameworks */,
				5532448D298577390004049F /* Resources */,
			);
			buildRules = (
			);
			dependencies = (
			);
			name = "Standoff-Case";
			productName = "Standoff-Case";
			productReference = 5532448F298577390004049F /* Standoff-Case.app */;
			productType = "com.apple.product-type.application";
		};
/* End PBXNativeTarget section */

/* Begin PBXProject section */
		55324487298577390004049F /* Project object */ = {
			isa = PBXProject;
			attributes = {
				BuildIndependentTargetsInParallel = 1;
				LastSwiftUpdateCheck = 1400;
				LastUpgradeCheck = 1400;
				TargetAttributes = {
					5532448E298577390004049F = {
						CreatedOnToolsVersion = 14.0.1;
					};
				};
			};
			buildConfigurationList = 5532448A298577390004049F /* Build configuration list for PBXProject "Standoff-Case" */;
			compatibilityVersion = "Xcode 14.0";
			developmentRegion = en;
			hasScannedForEncodings = 0;
			knownRegions = (
				en,
				Base,
			);
			mainGroup = 55324486298577390004049F;
			productRefGroup = 55324490298577390004049F /* Products */;
			projectDirPath = "";
			projectRoot = "";
			targets = (
				5532448E298577390004049F /* Standoff-Case */,
			);
		};
/* End PBXProject section */

/* Begin PBXResourcesBuildPhase section */
		5532448D298577390004049F /* Resources */ = {
			isa = PBXResourcesBuildPhase;
			buildActionMask = 2147483647;
			files = (
				5536C4E6298D3AB0000E5C56 /* Oswald-ExtraLight.ttf in Resources */,
				5536C4E7298D3AB0000E5C56 /* Oswald-Bold.ttf in Resources */,
				5536C4EB298D3AB0000E5C56 /* Oswald-Light.ttf in Resources */,
				5536C4E9298D3AB0000E5C56 /* Oswald-Regular.ttf in Resources */,
				5536C4E8298D3AB0000E5C56 /* Oswald-Medium.ttf in Resources */,
				5536C4EA298D3AB0000E5C56 /* Oswald-SemiBold.ttf in Resources */,
				5532449F2985773B0004049F /* LaunchScreen.storyboard in Resources */,
				5532449C2985773B0004049F /* Assets.xcassets in Resources */,
			);
			runOnlyForDeploymentPostprocessing = 0;
		};
/* End PBXResourcesBuildPhase section */

/* Begin PBXSourcesBuildPhase section */
		5532448B298577390004049F /* Sources */ = {
			isa = PBXSourcesBuildPhase;
			buildActionMask = 2147483647;
			files = (
				5536C4D32989D9B1000E5C56 /* MarketViewController.swift in Sources */,
				E2E5C3CF298592DC008A2221 /* ProfileViewController.swift in Sources */,
				5536C4ED298D3BF6000E5C56 /* UIFont + Ext.swift in Sources */,
				5536C4D8298C1184000E5C56 /* ShopContainerView.swift in Sources */,
				E25E79FD2991778500FF2C04 /* UIColor+AppColors.swift in Sources */,
				553244B529868C150004049F /* InventoryContainerView.swift in Sources */,
				5536C4D12989D9A8000E5C56 /* ChildShopViewController.swift in Sources */,
				5518CBB72991218D008BBE29 /* ChildPromotionViewController.swift in Sources */,
				E25E79FB2991775E00FF2C04 /* CALayer+Gradient.swift in Sources */,
				5536C4D12989D9A8000E5C56 /* ShopViewController.swift in Sources */,
				E2E5C3CC298590CA008A2221 /* SideTabBar.swift in Sources */,
				5536C4CF2989D9A0000E5C56 /* InventoryViewController.swift in Sources */,
				E2AFCDF02990423C00071AD7 /* ShopGroupItemView.swift in Sources */,
				E2E5C3D62986B035008A2221 /* TasksViewController.swift in Sources */,
				E2E5C3CA298590AB008A2221 /* SideTabBarItem.swift in Sources */,
				E25E79F82991773800FF2C04 /* ProfileView.swift in Sources */,
				E2E5C3C829857D9D008A2221 /* SideTabBarController.swift in Sources */,
				553244AE2985803B0004049F /* WeaponNavigationBarView.swift in Sources */,
				E25E79EF29915E3B00FF2C04 /* BaseViewController.swift in Sources */,
				553244A929857D790004049F /* GameViewController.swift in Sources */,
				E2E5C3D12986A510008A2221 /* ProfileRankCollectionCell.swift in Sources */,
				55324493298577390004049F /* AppDelegate.swift in Sources */,
				E25690082989C9BE00560E01 /* ContainerViewController.swift in Sources */,
				E2E5C3D32986A59E008A2221 /* ProfileRankMapper.swift in Sources */,
				E25E79F1299176E300FF2C04 /* ProfileProgressView.swift in Sources */,
				E2AFCDED298FC3A000071AD7 /* GroupedStackView.swift in Sources */,
				5518CBBE29914907008BBE29 /* PromotionContainerView.swift in Sources */,
				5518CBB929912384008BBE29 /* ShopViewController.swift in Sources */,
				5536C4DC298D37C6000E5C56 /* ShopCollectionViewCell.swift in Sources */,
				553244B329858D200004049F /* GoldCurrencyView.swift in Sources */,
				553244A729857D650004049F /* WeaponViewController.swift in Sources */,
				553244B72986A0950004049F /* InventoryCollectionViewCell.swift in Sources */,
				E25E79F3299176F900FF2C04 /* ProgressView.swift in Sources */,
				55324495298577390004049F /* SceneDelegate.swift in Sources */,
				5536C4EF298DDC00000E5C56 /* ShopNavBarView.swift in Sources */,
			);
			runOnlyForDeploymentPostprocessing = 0;
		};
/* End PBXSourcesBuildPhase section */

/* Begin PBXVariantGroup section */
		5532449D2985773B0004049F /* LaunchScreen.storyboard */ = {
			isa = PBXVariantGroup;
			children = (
				5532449E2985773B0004049F /* Base */,
			);
			name = LaunchScreen.storyboard;
			sourceTree = "<group>";
		};
/* End PBXVariantGroup section */

/* Begin XCBuildConfiguration section */
		553244A12985773B0004049F /* Debug */ = {
			isa = XCBuildConfiguration;
			buildSettings = {
				ALWAYS_SEARCH_USER_PATHS = NO;
				CLANG_ANALYZER_NONNULL = YES;
				CLANG_ANALYZER_NUMBER_OBJECT_CONVERSION = YES_AGGRESSIVE;
				CLANG_CXX_LANGUAGE_STANDARD = "gnu++20";
				CLANG_ENABLE_MODULES = YES;
				CLANG_ENABLE_OBJC_ARC = YES;
				CLANG_ENABLE_OBJC_WEAK = YES;
				CLANG_WARN_BLOCK_CAPTURE_AUTORELEASING = YES;
				CLANG_WARN_BOOL_CONVERSION = YES;
				CLANG_WARN_COMMA = YES;
				CLANG_WARN_CONSTANT_CONVERSION = YES;
				CLANG_WARN_DEPRECATED_OBJC_IMPLEMENTATIONS = YES;
				CLANG_WARN_DIRECT_OBJC_ISA_USAGE = YES_ERROR;
				CLANG_WARN_DOCUMENTATION_COMMENTS = YES;
				CLANG_WARN_EMPTY_BODY = YES;
				CLANG_WARN_ENUM_CONVERSION = YES;
				CLANG_WARN_INFINITE_RECURSION = YES;
				CLANG_WARN_INT_CONVERSION = YES;
				CLANG_WARN_NON_LITERAL_NULL_CONVERSION = YES;
				CLANG_WARN_OBJC_IMPLICIT_RETAIN_SELF = YES;
				CLANG_WARN_OBJC_LITERAL_CONVERSION = YES;
				CLANG_WARN_OBJC_ROOT_CLASS = YES_ERROR;
				CLANG_WARN_QUOTED_INCLUDE_IN_FRAMEWORK_HEADER = YES;
				CLANG_WARN_RANGE_LOOP_ANALYSIS = YES;
				CLANG_WARN_STRICT_PROTOTYPES = YES;
				CLANG_WARN_SUSPICIOUS_MOVE = YES;
				CLANG_WARN_UNGUARDED_AVAILABILITY = YES_AGGRESSIVE;
				CLANG_WARN_UNREACHABLE_CODE = YES;
				CLANG_WARN__DUPLICATE_METHOD_MATCH = YES;
				COPY_PHASE_STRIP = NO;
				DEBUG_INFORMATION_FORMAT = dwarf;
				ENABLE_STRICT_OBJC_MSGSEND = YES;
				ENABLE_TESTABILITY = YES;
				GCC_C_LANGUAGE_STANDARD = gnu11;
				GCC_DYNAMIC_NO_PIC = NO;
				GCC_NO_COMMON_BLOCKS = YES;
				GCC_OPTIMIZATION_LEVEL = 0;
				GCC_PREPROCESSOR_DEFINITIONS = (
					"DEBUG=1",
					"$(inherited)",
				);
				GCC_WARN_64_TO_32_BIT_CONVERSION = YES;
				GCC_WARN_ABOUT_RETURN_TYPE = YES_ERROR;
				GCC_WARN_UNDECLARED_SELECTOR = YES;
				GCC_WARN_UNINITIALIZED_AUTOS = YES_AGGRESSIVE;
				GCC_WARN_UNUSED_FUNCTION = YES;
				GCC_WARN_UNUSED_VARIABLE = YES;
				IPHONEOS_DEPLOYMENT_TARGET = 16.0;
				MTL_ENABLE_DEBUG_INFO = INCLUDE_SOURCE;
				MTL_FAST_MATH = YES;
				ONLY_ACTIVE_ARCH = YES;
				SDKROOT = iphoneos;
				SWIFT_ACTIVE_COMPILATION_CONDITIONS = DEBUG;
				SWIFT_OPTIMIZATION_LEVEL = "-Onone";
			};
			name = Debug;
		};
		553244A22985773B0004049F /* Release */ = {
			isa = XCBuildConfiguration;
			buildSettings = {
				ALWAYS_SEARCH_USER_PATHS = NO;
				CLANG_ANALYZER_NONNULL = YES;
				CLANG_ANALYZER_NUMBER_OBJECT_CONVERSION = YES_AGGRESSIVE;
				CLANG_CXX_LANGUAGE_STANDARD = "gnu++20";
				CLANG_ENABLE_MODULES = YES;
				CLANG_ENABLE_OBJC_ARC = YES;
				CLANG_ENABLE_OBJC_WEAK = YES;
				CLANG_WARN_BLOCK_CAPTURE_AUTORELEASING = YES;
				CLANG_WARN_BOOL_CONVERSION = YES;
				CLANG_WARN_COMMA = YES;
				CLANG_WARN_CONSTANT_CONVERSION = YES;
				CLANG_WARN_DEPRECATED_OBJC_IMPLEMENTATIONS = YES;
				CLANG_WARN_DIRECT_OBJC_ISA_USAGE = YES_ERROR;
				CLANG_WARN_DOCUMENTATION_COMMENTS = YES;
				CLANG_WARN_EMPTY_BODY = YES;
				CLANG_WARN_ENUM_CONVERSION = YES;
				CLANG_WARN_INFINITE_RECURSION = YES;
				CLANG_WARN_INT_CONVERSION = YES;
				CLANG_WARN_NON_LITERAL_NULL_CONVERSION = YES;
				CLANG_WARN_OBJC_IMPLICIT_RETAIN_SELF = YES;
				CLANG_WARN_OBJC_LITERAL_CONVERSION = YES;
				CLANG_WARN_OBJC_ROOT_CLASS = YES_ERROR;
				CLANG_WARN_QUOTED_INCLUDE_IN_FRAMEWORK_HEADER = YES;
				CLANG_WARN_RANGE_LOOP_ANALYSIS = YES;
				CLANG_WARN_STRICT_PROTOTYPES = YES;
				CLANG_WARN_SUSPICIOUS_MOVE = YES;
				CLANG_WARN_UNGUARDED_AVAILABILITY = YES_AGGRESSIVE;
				CLANG_WARN_UNREACHABLE_CODE = YES;
				CLANG_WARN__DUPLICATE_METHOD_MATCH = YES;
				COPY_PHASE_STRIP = NO;
				DEBUG_INFORMATION_FORMAT = "dwarf-with-dsym";
				ENABLE_NS_ASSERTIONS = NO;
				ENABLE_STRICT_OBJC_MSGSEND = YES;
				GCC_C_LANGUAGE_STANDARD = gnu11;
				GCC_NO_COMMON_BLOCKS = YES;
				GCC_WARN_64_TO_32_BIT_CONVERSION = YES;
				GCC_WARN_ABOUT_RETURN_TYPE = YES_ERROR;
				GCC_WARN_UNDECLARED_SELECTOR = YES;
				GCC_WARN_UNINITIALIZED_AUTOS = YES_AGGRESSIVE;
				GCC_WARN_UNUSED_FUNCTION = YES;
				GCC_WARN_UNUSED_VARIABLE = YES;
				IPHONEOS_DEPLOYMENT_TARGET = 16.0;
				MTL_ENABLE_DEBUG_INFO = NO;
				MTL_FAST_MATH = YES;
				SDKROOT = iphoneos;
				SWIFT_COMPILATION_MODE = wholemodule;
				SWIFT_OPTIMIZATION_LEVEL = "-O";
				VALIDATE_PRODUCT = YES;
			};
			name = Release;
		};
		553244A42985773B0004049F /* Debug */ = {
			isa = XCBuildConfiguration;
			buildSettings = {
				ASSETCATALOG_COMPILER_APPICON_NAME = AppIcon;
				ASSETCATALOG_COMPILER_GLOBAL_ACCENT_COLOR_NAME = AccentColor;
				CODE_SIGN_STYLE = Automatic;
				CURRENT_PROJECT_VERSION = 1;
				DEVELOPMENT_TEAM = 7MQF3GGWS3;
				GENERATE_INFOPLIST_FILE = YES;
				INFOPLIST_FILE = "Standoff-Case/Info.plist";
				INFOPLIST_KEY_UIApplicationSupportsIndirectInputEvents = YES;
				INFOPLIST_KEY_UILaunchStoryboardName = LaunchScreen;
				INFOPLIST_KEY_UIMainStoryboardFile = "";
				INFOPLIST_KEY_UISupportedInterfaceOrientations = "UIInterfaceOrientationLandscapeLeft UIInterfaceOrientationLandscapeRight";
				INFOPLIST_KEY_UISupportedInterfaceOrientations_iPad = "UIInterfaceOrientationLandscapeLeft UIInterfaceOrientationLandscapeRight UIInterfaceOrientationPortrait UIInterfaceOrientationPortraitUpsideDown";
				IPHONEOS_DEPLOYMENT_TARGET = 14.0;
				LD_RUNPATH_SEARCH_PATHS = (
					"$(inherited)",
					"@executable_path/Frameworks",
				);
				MARKETING_VERSION = 1.0;
				PRODUCT_BUNDLE_IDENTIFIER = "Andrey.Standoff-Case";
				PRODUCT_NAME = "$(TARGET_NAME)";
				SWIFT_EMIT_LOC_STRINGS = YES;
				SWIFT_VERSION = 5.0;
				TARGETED_DEVICE_FAMILY = "1,2";
			};
			name = Debug;
		};
		553244A52985773B0004049F /* Release */ = {
			isa = XCBuildConfiguration;
			buildSettings = {
				ASSETCATALOG_COMPILER_APPICON_NAME = AppIcon;
				ASSETCATALOG_COMPILER_GLOBAL_ACCENT_COLOR_NAME = AccentColor;
				CODE_SIGN_STYLE = Automatic;
				CURRENT_PROJECT_VERSION = 1;
				DEVELOPMENT_TEAM = 7MQF3GGWS3;
				GENERATE_INFOPLIST_FILE = YES;
				INFOPLIST_FILE = "Standoff-Case/Info.plist";
				INFOPLIST_KEY_UIApplicationSupportsIndirectInputEvents = YES;
				INFOPLIST_KEY_UILaunchStoryboardName = LaunchScreen;
				INFOPLIST_KEY_UIMainStoryboardFile = "";
				INFOPLIST_KEY_UISupportedInterfaceOrientations = "UIInterfaceOrientationLandscapeLeft UIInterfaceOrientationLandscapeRight";
				INFOPLIST_KEY_UISupportedInterfaceOrientations_iPad = "UIInterfaceOrientationLandscapeLeft UIInterfaceOrientationLandscapeRight UIInterfaceOrientationPortrait UIInterfaceOrientationPortraitUpsideDown";
				IPHONEOS_DEPLOYMENT_TARGET = 14.0;
				LD_RUNPATH_SEARCH_PATHS = (
					"$(inherited)",
					"@executable_path/Frameworks",
				);
				MARKETING_VERSION = 1.0;
				PRODUCT_BUNDLE_IDENTIFIER = "Andrey.Standoff-Case";
				PRODUCT_NAME = "$(TARGET_NAME)";
				SWIFT_EMIT_LOC_STRINGS = YES;
				SWIFT_VERSION = 5.0;
				TARGETED_DEVICE_FAMILY = "1,2";
			};
			name = Release;
		};
/* End XCBuildConfiguration section */

/* Begin XCConfigurationList section */
		5532448A298577390004049F /* Build configuration list for PBXProject "Standoff-Case" */ = {
			isa = XCConfigurationList;
			buildConfigurations = (
				553244A12985773B0004049F /* Debug */,
				553244A22985773B0004049F /* Release */,
			);
			defaultConfigurationIsVisible = 0;
			defaultConfigurationName = Release;
		};
		553244A32985773B0004049F /* Build configuration list for PBXNativeTarget "Standoff-Case" */ = {
			isa = XCConfigurationList;
			buildConfigurations = (
				553244A42985773B0004049F /* Debug */,
				553244A52985773B0004049F /* Release */,
			);
			defaultConfigurationIsVisible = 0;
			defaultConfigurationName = Release;
		};
/* End XCConfigurationList section */
	};
	rootObject = 55324487298577390004049F /* Project object */;
}
